// !$*UTF8*$!
{
	archiveVersion = 1;
	classes = {
	};
	objectVersion = 54;
	objects = {

/* Begin PBXBuildFile section */
		5233465A2C52BDEE005A7C45 /* AppDelegate.swift in Sources */ = {isa = PBXBuildFile; fileRef = 523346592C52BDEE005A7C45 /* AppDelegate.swift */; };
		5233465C2C52BDEE005A7C45 /* SceneDelegate.swift in Sources */ = {isa = PBXBuildFile; fileRef = 5233465B2C52BDEE005A7C45 /* SceneDelegate.swift */; };
		5233465E2C52BDEE005A7C45 /* ViewController.swift in Sources */ = {isa = PBXBuildFile; fileRef = 5233465D2C52BDEE005A7C45 /* ViewController.swift */; };
		523346612C52BDEE005A7C45 /* Base in Resources */ = {isa = PBXBuildFile; fileRef = 523346602C52BDEE005A7C45 /* Base */; };
		523346632C52BDF0005A7C45 /* Assets.xcassets in Resources */ = {isa = PBXBuildFile; fileRef = 523346622C52BDF0005A7C45 /* Assets.xcassets */; };
		523346662C52BDF0005A7C45 /* Base in Resources */ = {isa = PBXBuildFile; fileRef = 523346652C52BDF0005A7C45 /* Base */; };
		5233467B2C52C19C005A7C45 /* Background_owl.png in Resources */ = {isa = PBXBuildFile; fileRef = 5233466D2C52C19C005A7C45 /* Background_owl.png */; };
		5233467C2C52C19C005A7C45 /* Example_Tablero 1.png in Resources */ = {isa = PBXBuildFile; fileRef = 5233466E2C52C19C005A7C45 /* Example_Tablero 1.png */; };
		5233467D2C52C19C005A7C45 /* Example_Tablero 2.png in Resources */ = {isa = PBXBuildFile; fileRef = 5233466F2C52C19C005A7C45 /* Example_Tablero 2.png */; };
		5233467E2C52C19C005A7C45 /* Game_Background.png in Resources */ = {isa = PBXBuildFile; fileRef = 523346702C52C19C005A7C45 /* Game_Background.png */; };
		5233467F2C52C19C005A7C45 /* Hooty_Bomb_Red.png in Resources */ = {isa = PBXBuildFile; fileRef = 523346712C52C19C005A7C45 /* Hooty_Bomb_Red.png */; };
		523346802C52C19C005A7C45 /* Hooty_Flag.png in Resources */ = {isa = PBXBuildFile; fileRef = 523346722C52C19C005A7C45 /* Hooty_Flag.png */; };
		523346812C52C19C005A7C45 /* King_OwlSweeper.png in Resources */ = {isa = PBXBuildFile; fileRef = 523346732C52C19C005A7C45 /* King_OwlSweeper.png */; };
		523346822C52C19C005A7C45 /* Main_Font.png in Resources */ = {isa = PBXBuildFile; fileRef = 523346742C52C19C005A7C45 /* Main_Font.png */; };
		523346832C52C19C005A7C45 /* MenuScreen_background.png in Resources */ = {isa = PBXBuildFile; fileRef = 523346752C52C19C005A7C45 /* MenuScreen_background.png */; };
		523346842C52C19C005A7C45 /* Screen_game.png in Resources */ = {isa = PBXBuildFile; fileRef = 523346762C52C19C005A7C45 /* Screen_game.png */; };
		523346852C52C19C005A7C45 /* Screen_menu.png in Resources */ = {isa = PBXBuildFile; fileRef = 523346772C52C19C005A7C45 /* Screen_menu.png */; };
		523346862C52C19C005A7C45 /* Screen_splash.png in Resources */ = {isa = PBXBuildFile; fileRef = 523346782C52C19C005A7C45 /* Screen_splash.png */; };
		523346872C52C19C005A7C45 /* star-moon_hanging.png in Resources */ = {isa = PBXBuildFile; fileRef = 523346792C52C19C005A7C45 /* star-moon_hanging.png */; };
		523346892C52C340005A7C45 /* SplashViewController.swift in Sources */ = {isa = PBXBuildFile; fileRef = 523346882C52C340005A7C45 /* SplashViewController.swift */; };
		5233468B2C52C998005A7C45 /* MenuScreen_blur_background.png in Resources */ = {isa = PBXBuildFile; fileRef = 5233468A2C52C998005A7C45 /* MenuScreen_blur_background.png */; };
		5233468E2C52CA77005A7C45 /* AVFoundation.framework in Frameworks */ = {isa = PBXBuildFile; fileRef = 5233468D2C52CA77005A7C45 /* AVFoundation.framework */; };
		523346902C52CA8F005A7C45 /* AVFAudio.framework in Frameworks */ = {isa = PBXBuildFile; fileRef = 5233468F2C52CA8F005A7C45 /* AVFAudio.framework */; };
		523346942C52CBE8005A7C45 /* Music.mp3 in Resources */ = {isa = PBXBuildFile; fileRef = 523346932C52CBE8005A7C45 /* Music.mp3 */; };
		523346972C52D664005A7C45 /* audio_on_btn.png in Resources */ = {isa = PBXBuildFile; fileRef = 523346952C52D664005A7C45 /* audio_on_btn.png */; };
		523346982C52D664005A7C45 /* audio_off_btn.png in Resources */ = {isa = PBXBuildFile; fileRef = 523346962C52D664005A7C45 /* audio_off_btn.png */; };
		5233469A2C52DB02005A7C45 /* RecordsViewController.swift in Sources */ = {isa = PBXBuildFile; fileRef = 523346992C52DB02005A7C45 /* RecordsViewController.swift */; };
		5233469C2C52DD8D005A7C45 /* PlayerRecords.plist in Resources */ = {isa = PBXBuildFile; fileRef = 5233469B2C52DD8D005A7C45 /* PlayerRecords.plist */; };
		523346A92C52E14B005A7C45 /* 1.png in Resources */ = {isa = PBXBuildFile; fileRef = 5233469D2C52E14A005A7C45 /* 1.png */; };
		523346AA2C52E14B005A7C45 /* 2.png in Resources */ = {isa = PBXBuildFile; fileRef = 5233469E2C52E14A005A7C45 /* 2.png */; };
		523346AB2C52E14B005A7C45 /* 3.png in Resources */ = {isa = PBXBuildFile; fileRef = 5233469F2C52E14A005A7C45 /* 3.png */; };
		523346AC2C52E14B005A7C45 /* 4.png in Resources */ = {isa = PBXBuildFile; fileRef = 523346A02C52E14A005A7C45 /* 4.png */; };
		523346AD2C52E14B005A7C45 /* 5.png in Resources */ = {isa = PBXBuildFile; fileRef = 523346A12C52E14A005A7C45 /* 5.png */; };
		523346AE2C52E14B005A7C45 /* 6.png in Resources */ = {isa = PBXBuildFile; fileRef = 523346A22C52E14A005A7C45 /* 6.png */; };
		523346AF2C52E14B005A7C45 /* 7.png in Resources */ = {isa = PBXBuildFile; fileRef = 523346A32C52E14A005A7C45 /* 7.png */; };
		523346B02C52E14B005A7C45 /* 8.png in Resources */ = {isa = PBXBuildFile; fileRef = 523346A42C52E14A005A7C45 /* 8.png */; };
		523346B12C52E14B005A7C45 /* closed_cell.png in Resources */ = {isa = PBXBuildFile; fileRef = 523346A62C52E14B005A7C45 /* closed_cell.png */; };
		523346B22C52E14B005A7C45 /* empty_cell.png in Resources */ = {isa = PBXBuildFile; fileRef = 523346A72C52E14B005A7C45 /* empty_cell.png */; };
		523346B42C52E194005A7C45 /* barrita.png in Resources */ = {isa = PBXBuildFile; fileRef = 523346B32C52E194005A7C45 /* barrita.png */; };
		523346B62C52E41B005A7C45 /* GameViewController.swift in Sources */ = {isa = PBXBuildFile; fileRef = 523346B52C52E41B005A7C45 /* GameViewController.swift */; };
/* End PBXBuildFile section */

/* Begin PBXFileReference section */
		523346562C52BDEE005A7C45 /* Buscaminas.app */ = {isa = PBXFileReference; explicitFileType = wrapper.application; includeInIndex = 0; path = Buscaminas.app; sourceTree = BUILT_PRODUCTS_DIR; };
		523346592C52BDEE005A7C45 /* AppDelegate.swift */ = {isa = PBXFileReference; lastKnownFileType = sourcecode.swift; path = AppDelegate.swift; sourceTree = "<group>"; };
		5233465B2C52BDEE005A7C45 /* SceneDelegate.swift */ = {isa = PBXFileReference; lastKnownFileType = sourcecode.swift; path = SceneDelegate.swift; sourceTree = "<group>"; };
		5233465D2C52BDEE005A7C45 /* ViewController.swift */ = {isa = PBXFileReference; lastKnownFileType = sourcecode.swift; path = ViewController.swift; sourceTree = "<group>"; };
		523346602C52BDEE005A7C45 /* Base */ = {isa = PBXFileReference; lastKnownFileType = file.storyboard; name = Base; path = Base.lproj/Main.storyboard; sourceTree = "<group>"; };
		523346622C52BDF0005A7C45 /* Assets.xcassets */ = {isa = PBXFileReference; lastKnownFileType = folder.assetcatalog; path = Assets.xcassets; sourceTree = "<group>"; };
		523346652C52BDF0005A7C45 /* Base */ = {isa = PBXFileReference; lastKnownFileType = file.storyboard; name = Base; path = Base.lproj/LaunchScreen.storyboard; sourceTree = "<group>"; };
		523346672C52BDF0005A7C45 /* Info.plist */ = {isa = PBXFileReference; lastKnownFileType = text.plist.xml; path = Info.plist; sourceTree = "<group>"; };
		5233466D2C52C19C005A7C45 /* Background_owl.png */ = {isa = PBXFileReference; lastKnownFileType = image.png; path = Background_owl.png; sourceTree = "<group>"; };
		5233466E2C52C19C005A7C45 /* Example_Tablero 1.png */ = {isa = PBXFileReference; lastKnownFileType = image.png; path = "Example_Tablero 1.png"; sourceTree = "<group>"; };
		5233466F2C52C19C005A7C45 /* Example_Tablero 2.png */ = {isa = PBXFileReference; lastKnownFileType = image.png; path = "Example_Tablero 2.png"; sourceTree = "<group>"; };
		523346702C52C19C005A7C45 /* Game_Background.png */ = {isa = PBXFileReference; lastKnownFileType = image.png; path = Game_Background.png; sourceTree = "<group>"; };
		523346712C52C19C005A7C45 /* Hooty_Bomb_Red.png */ = {isa = PBXFileReference; lastKnownFileType = image.png; path = Hooty_Bomb_Red.png; sourceTree = "<group>"; };
		523346722C52C19C005A7C45 /* Hooty_Flag.png */ = {isa = PBXFileReference; lastKnownFileType = image.png; path = Hooty_Flag.png; sourceTree = "<group>"; };
		523346732C52C19C005A7C45 /* King_OwlSweeper.png */ = {isa = PBXFileReference; lastKnownFileType = image.png; path = King_OwlSweeper.png; sourceTree = "<group>"; };
		523346742C52C19C005A7C45 /* Main_Font.png */ = {isa = PBXFileReference; lastKnownFileType = image.png; path = Main_Font.png; sourceTree = "<group>"; };
		523346752C52C19C005A7C45 /* MenuScreen_background.png */ = {isa = PBXFileReference; lastKnownFileType = image.png; path = MenuScreen_background.png; sourceTree = "<group>"; };
		523346762C52C19C005A7C45 /* Screen_game.png */ = {isa = PBXFileReference; lastKnownFileType = image.png; path = Screen_game.png; sourceTree = "<group>"; };
		523346772C52C19C005A7C45 /* Screen_menu.png */ = {isa = PBXFileReference; lastKnownFileType = image.png; path = Screen_menu.png; sourceTree = "<group>"; };
		523346782C52C19C005A7C45 /* Screen_splash.png */ = {isa = PBXFileReference; lastKnownFileType = image.png; path = Screen_splash.png; sourceTree = "<group>"; };
		523346792C52C19C005A7C45 /* star-moon_hanging.png */ = {isa = PBXFileReference; lastKnownFileType = image.png; path = "star-moon_hanging.png"; sourceTree = "<group>"; };
		523346882C52C340005A7C45 /* SplashViewController.swift */ = {isa = PBXFileReference; lastKnownFileType = sourcecode.swift; path = SplashViewController.swift; sourceTree = "<group>"; };
		5233468A2C52C998005A7C45 /* MenuScreen_blur_background.png */ = {isa = PBXFileReference; lastKnownFileType = image.png; path = MenuScreen_blur_background.png; sourceTree = "<group>"; };
		5233468D2C52CA77005A7C45 /* AVFoundation.framework */ = {isa = PBXFileReference; lastKnownFileType = wrapper.framework; name = AVFoundation.framework; path = System/Library/Frameworks/AVFoundation.framework; sourceTree = SDKROOT; };
		5233468F2C52CA8F005A7C45 /* AVFAudio.framework */ = {isa = PBXFileReference; lastKnownFileType = wrapper.framework; name = AVFAudio.framework; path = System/Library/Frameworks/AVFAudio.framework; sourceTree = SDKROOT; };
		523346932C52CBE8005A7C45 /* Music.mp3 */ = {isa = PBXFileReference; lastKnownFileType = audio.mp3; path = Music.mp3; sourceTree = "<group>"; };
		523346952C52D664005A7C45 /* audio_on_btn.png */ = {isa = PBXFileReference; lastKnownFileType = image.png; path = audio_on_btn.png; sourceTree = "<group>"; };
		523346962C52D664005A7C45 /* audio_off_btn.png */ = {isa = PBXFileReference; lastKnownFileType = image.png; path = audio_off_btn.png; sourceTree = "<group>"; };
		523346992C52DB02005A7C45 /* RecordsViewController.swift */ = {isa = PBXFileReference; lastKnownFileType = sourcecode.swift; path = RecordsViewController.swift; sourceTree = "<group>"; };
		5233469B2C52DD8D005A7C45 /* PlayerRecords.plist */ = {isa = PBXFileReference; lastKnownFileType = text.plist.xml; path = PlayerRecords.plist; sourceTree = "<group>"; };
		5233469D2C52E14A005A7C45 /* 1.png */ = {isa = PBXFileReference; lastKnownFileType = image.png; path = 1.png; sourceTree = "<group>"; };
		5233469E2C52E14A005A7C45 /* 2.png */ = {isa = PBXFileReference; lastKnownFileType = image.png; path = 2.png; sourceTree = "<group>"; };
		5233469F2C52E14A005A7C45 /* 3.png */ = {isa = PBXFileReference; lastKnownFileType = image.png; path = 3.png; sourceTree = "<group>"; };
		523346A02C52E14A005A7C45 /* 4.png */ = {isa = PBXFileReference; lastKnownFileType = image.png; path = 4.png; sourceTree = "<group>"; };
		523346A12C52E14A005A7C45 /* 5.png */ = {isa = PBXFileReference; lastKnownFileType = image.png; path = 5.png; sourceTree = "<group>"; };
		523346A22C52E14A005A7C45 /* 6.png */ = {isa = PBXFileReference; lastKnownFileType = image.png; path = 6.png; sourceTree = "<group>"; };
		523346A32C52E14A005A7C45 /* 7.png */ = {isa = PBXFileReference; lastKnownFileType = image.png; path = 7.png; sourceTree = "<group>"; };
		523346A42C52E14A005A7C45 /* 8.png */ = {isa = PBXFileReference; lastKnownFileType = image.png; path = 8.png; sourceTree = "<group>"; };
		523346A62C52E14B005A7C45 /* closed_cell.png */ = {isa = PBXFileReference; lastKnownFileType = image.png; path = closed_cell.png; sourceTree = "<group>"; };
		523346A72C52E14B005A7C45 /* empty_cell.png */ = {isa = PBXFileReference; lastKnownFileType = image.png; path = empty_cell.png; sourceTree = "<group>"; };
		523346B32C52E194005A7C45 /* barrita.png */ = {isa = PBXFileReference; lastKnownFileType = image.png; path = barrita.png; sourceTree = "<group>"; };
		523346B52C52E41B005A7C45 /* GameViewController.swift */ = {isa = PBXFileReference; lastKnownFileType = sourcecode.swift; path = GameViewController.swift; sourceTree = "<group>"; };
/* End PBXFileReference section */

/* Begin PBXFrameworksBuildPhase section */
		523346532C52BDEE005A7C45 /* Frameworks */ = {
			isa = PBXFrameworksBuildPhase;
			buildActionMask = 2147483647;
			files = (
				5233468E2C52CA77005A7C45 /* AVFoundation.framework in Frameworks */,
				523346902C52CA8F005A7C45 /* AVFAudio.framework in Frameworks */,
			);
			runOnlyForDeploymentPostprocessing = 0;
		};
/* End PBXFrameworksBuildPhase section */

/* Begin PBXGroup section */
		5233464D2C52BDEE005A7C45 = {
			isa = PBXGroup;
			children = (
				5233467A2C52C19C005A7C45 /* OwlSweeper */,
				523346582C52BDEE005A7C45 /* Buscaminas */,
				523346572C52BDEE005A7C45 /* Products */,
				5233468C2C52CA77005A7C45 /* Frameworks */,
			);
			sourceTree = "<group>";
		};
		523346572C52BDEE005A7C45 /* Products */ = {
			isa = PBXGroup;
			children = (
				523346562C52BDEE005A7C45 /* Buscaminas.app */,
			);
			name = Products;
			sourceTree = "<group>";
		};
		523346582C52BDEE005A7C45 /* Buscaminas */ = {
			isa = PBXGroup;
			children = (
				523346882C52C340005A7C45 /* SplashViewController.swift */,
				523346592C52BDEE005A7C45 /* AppDelegate.swift */,
				5233465B2C52BDEE005A7C45 /* SceneDelegate.swift */,
				5233465D2C52BDEE005A7C45 /* ViewController.swift */,
				5233465F2C52BDEE005A7C45 /* Main.storyboard */,
				523346622C52BDF0005A7C45 /* Assets.xcassets */,
				523346642C52BDF0005A7C45 /* LaunchScreen.storyboard */,
				523346672C52BDF0005A7C45 /* Info.plist */,
				523346992C52DB02005A7C45 /* RecordsViewController.swift */,
				5233469B2C52DD8D005A7C45 /* PlayerRecords.plist */,
				523346B52C52E41B005A7C45 /* GameViewController.swift */,
			);
			path = Buscaminas;
			sourceTree = "<group>";
		};
		5233467A2C52C19C005A7C45 /* OwlSweeper */ = {
			isa = PBXGroup;
			children = (
				523346B32C52E194005A7C45 /* barrita.png */,
				523346A82C52E14B005A7C45 /* Cells_or_Tiles */,
				523346A52C52E14A005A7C45 /* Numbers */,
				523346962C52D664005A7C45 /* audio_off_btn.png */,
				523346952C52D664005A7C45 /* audio_on_btn.png */,
				523346932C52CBE8005A7C45 /* Music.mp3 */,
				5233468A2C52C998005A7C45 /* MenuScreen_blur_background.png */,
				5233466D2C52C19C005A7C45 /* Background_owl.png */,
				5233466E2C52C19C005A7C45 /* Example_Tablero 1.png */,
				5233466F2C52C19C005A7C45 /* Example_Tablero 2.png */,
				523346702C52C19C005A7C45 /* Game_Background.png */,
				523346712C52C19C005A7C45 /* Hooty_Bomb_Red.png */,
				523346722C52C19C005A7C45 /* Hooty_Flag.png */,
				523346732C52C19C005A7C45 /* King_OwlSweeper.png */,
				523346742C52C19C005A7C45 /* Main_Font.png */,
				523346752C52C19C005A7C45 /* MenuScreen_background.png */,
				523346762C52C19C005A7C45 /* Screen_game.png */,
				523346772C52C19C005A7C45 /* Screen_menu.png */,
				523346782C52C19C005A7C45 /* Screen_splash.png */,
				523346792C52C19C005A7C45 /* star-moon_hanging.png */,
			);
			path = OwlSweeper;
			sourceTree = "<group>";
		};
		5233468C2C52CA77005A7C45 /* Frameworks */ = {
			isa = PBXGroup;
			children = (
				5233468F2C52CA8F005A7C45 /* AVFAudio.framework */,
				5233468D2C52CA77005A7C45 /* AVFoundation.framework */,
			);
			name = Frameworks;
			sourceTree = "<group>";
		};
		523346A52C52E14A005A7C45 /* Numbers */ = {
			isa = PBXGroup;
			children = (
				5233469D2C52E14A005A7C45 /* 1.png */,
				5233469E2C52E14A005A7C45 /* 2.png */,
				5233469F2C52E14A005A7C45 /* 3.png */,
				523346A02C52E14A005A7C45 /* 4.png */,
				523346A12C52E14A005A7C45 /* 5.png */,
				523346A22C52E14A005A7C45 /* 6.png */,
				523346A32C52E14A005A7C45 /* 7.png */,
				523346A42C52E14A005A7C45 /* 8.png */,
			);
			path = Numbers;
			sourceTree = "<group>";
		};
		523346A82C52E14B005A7C45 /* Cells_or_Tiles */ = {
			isa = PBXGroup;
			children = (
				523346A62C52E14B005A7C45 /* closed_cell.png */,
				523346A72C52E14B005A7C45 /* empty_cell.png */,
			);
			path = Cells_or_Tiles;
			sourceTree = "<group>";
		};
/* End PBXGroup section */

/* Begin PBXNativeTarget section */
		523346552C52BDEE005A7C45 /* Buscaminas */ = {
			isa = PBXNativeTarget;
			buildConfigurationList = 5233466A2C52BDF0005A7C45 /* Build configuration list for PBXNativeTarget "Buscaminas" */;
			buildPhases = (
				523346522C52BDEE005A7C45 /* Sources */,
				523346532C52BDEE005A7C45 /* Frameworks */,
				523346542C52BDEE005A7C45 /* Resources */,
			);
			buildRules = (
			);
			dependencies = (
			);
			name = Buscaminas;
			productName = Buscaminas;
			productReference = 523346562C52BDEE005A7C45 /* Buscaminas.app */;
			productType = "com.apple.product-type.application";
		};
/* End PBXNativeTarget section */

/* Begin PBXProject section */
		5233464E2C52BDEE005A7C45 /* Project object */ = {
			isa = PBXProject;
			attributes = {
				BuildIndependentTargetsInParallel = 1;
				LastSwiftUpdateCheck = 1540;
				LastUpgradeCheck = 1540;
				TargetAttributes = {
					523346552C52BDEE005A7C45 = {
						CreatedOnToolsVersion = 15.4;
					};
				};
			};
			buildConfigurationList = 523346512C52BDEE005A7C45 /* Build configuration list for PBXProject "Buscaminas" */;
			compatibilityVersion = "Xcode 12.0";
			developmentRegion = en;
			hasScannedForEncodings = 0;
			knownRegions = (
				en,
				Base,
			);
			mainGroup = 5233464D2C52BDEE005A7C45;
			productRefGroup = 523346572C52BDEE005A7C45 /* Products */;
			projectDirPath = "";
			projectRoot = "";
			targets = (
				523346552C52BDEE005A7C45 /* Buscaminas */,
			);
		};
/* End PBXProject section */

/* Begin PBXResourcesBuildPhase section */
		523346542C52BDEE005A7C45 /* Resources */ = {
			isa = PBXResourcesBuildPhase;
			buildActionMask = 2147483647;
			files = (
				523346942C52CBE8005A7C45 /* Music.mp3 in Resources */,
				523346632C52BDF0005A7C45 /* Assets.xcassets in Resources */,
				5233467F2C52C19C005A7C45 /* Hooty_Bomb_Red.png in Resources */,
				523346B42C52E194005A7C45 /* barrita.png in Resources */,
				523346AF2C52E14B005A7C45 /* 7.png in Resources */,
				523346AE2C52E14B005A7C45 /* 6.png in Resources */,
				523346AC2C52E14B005A7C45 /* 4.png in Resources */,
				523346AB2C52E14B005A7C45 /* 3.png in Resources */,
				5233468B2C52C998005A7C45 /* MenuScreen_blur_background.png in Resources */,
				523346AA2C52E14B005A7C45 /* 2.png in Resources */,
				523346B22C52E14B005A7C45 /* empty_cell.png in Resources */,
				523346852C52C19C005A7C45 /* Screen_menu.png in Resources */,
				523346872C52C19C005A7C45 /* star-moon_hanging.png in Resources */,
				523346662C52BDF0005A7C45 /* Base in Resources */,
				5233467D2C52C19C005A7C45 /* Example_Tablero 2.png in Resources */,
				523346AD2C52E14B005A7C45 /* 5.png in Resources */,
				523346802C52C19C005A7C45 /* Hooty_Flag.png in Resources */,
				523346862C52C19C005A7C45 /* Screen_splash.png in Resources */,
				5233469C2C52DD8D005A7C45 /* PlayerRecords.plist in Resources */,
				523346A92C52E14B005A7C45 /* 1.png in Resources */,
				523346822C52C19C005A7C45 /* Main_Font.png in Resources */,
				5233467B2C52C19C005A7C45 /* Background_owl.png in Resources */,
				5233467C2C52C19C005A7C45 /* Example_Tablero 1.png in Resources */,
				523346B12C52E14B005A7C45 /* closed_cell.png in Resources */,
				523346832C52C19C005A7C45 /* MenuScreen_background.png in Resources */,
				523346812C52C19C005A7C45 /* King_OwlSweeper.png in Resources */,
				523346982C52D664005A7C45 /* audio_off_btn.png in Resources */,
				5233467E2C52C19C005A7C45 /* Game_Background.png in Resources */,
				523346972C52D664005A7C45 /* audio_on_btn.png in Resources */,
				523346842C52C19C005A7C45 /* Screen_game.png in Resources */,
				523346B02C52E14B005A7C45 /* 8.png in Resources */,
				523346612C52BDEE005A7C45 /* Base in Resources */,
			);
			runOnlyForDeploymentPostprocessing = 0;
		};
/* End PBXResourcesBuildPhase section */

/* Begin PBXSourcesBuildPhase section */
		523346522C52BDEE005A7C45 /* Sources */ = {
			isa = PBXSourcesBuildPhase;
			buildActionMask = 2147483647;
			files = (
				5233465E2C52BDEE005A7C45 /* ViewController.swift in Sources */,
				5233465A2C52BDEE005A7C45 /* AppDelegate.swift in Sources */,
				5233465C2C52BDEE005A7C45 /* SceneDelegate.swift in Sources */,
				523346892C52C340005A7C45 /* SplashViewController.swift in Sources */,
				523346B62C52E41B005A7C45 /* GameViewController.swift in Sources */,
				5233469A2C52DB02005A7C45 /* RecordsViewController.swift in Sources */,
			);
			runOnlyForDeploymentPostprocessing = 0;
		};
/* End PBXSourcesBuildPhase section */

/* Begin PBXVariantGroup section */
		5233465F2C52BDEE005A7C45 /* Main.storyboard */ = {
			isa = PBXVariantGroup;
			children = (
				523346602C52BDEE005A7C45 /* Base */,
			);
			name = Main.storyboard;
			sourceTree = "<group>";
		};
		523346642C52BDF0005A7C45 /* LaunchScreen.storyboard */ = {
			isa = PBXVariantGroup;
			children = (
				523346652C52BDF0005A7C45 /* Base */,
			);
			name = LaunchScreen.storyboard;
			sourceTree = "<group>";
		};
/* End PBXVariantGroup section */

/* Begin XCBuildConfiguration section */
		523346682C52BDF0005A7C45 /* Debug */ = {
			isa = XCBuildConfiguration;
			buildSettings = {
				ALWAYS_SEARCH_USER_PATHS = NO;
				ASSETCATALOG_COMPILER_GENERATE_SWIFT_ASSET_SYMBOL_EXTENSIONS = YES;
				CLANG_ANALYZER_NONNULL = YES;
				CLANG_ANALYZER_NUMBER_OBJECT_CONVERSION = YES_AGGRESSIVE;
				CLANG_CXX_LANGUAGE_STANDARD = "gnu++20";
				CLANG_ENABLE_MODULES = YES;
				CLANG_ENABLE_OBJC_ARC = YES;
				CLANG_ENABLE_OBJC_WEAK = YES;
				CLANG_WARN_BLOCK_CAPTURE_AUTORELEASING = YES;
				CLANG_WARN_BOOL_CONVERSION = YES;
				CLANG_WARN_COMMA = YES;
				CLANG_WARN_CONSTANT_CONVERSION = YES;
				CLANG_WARN_DEPRECATED_OBJC_IMPLEMENTATIONS = YES;
				CLANG_WARN_DIRECT_OBJC_ISA_USAGE = YES_ERROR;
				CLANG_WARN_DOCUMENTATION_COMMENTS = YES;
				CLANG_WARN_EMPTY_BODY = YES;
				CLANG_WARN_ENUM_CONVERSION = YES;
				CLANG_WARN_INFINITE_RECURSION = YES;
				CLANG_WARN_INT_CONVERSION = YES;
				CLANG_WARN_NON_LITERAL_NULL_CONVERSION = YES;
				CLANG_WARN_OBJC_IMPLICIT_RETAIN_SELF = YES;
				CLANG_WARN_OBJC_LITERAL_CONVERSION = YES;
				CLANG_WARN_OBJC_ROOT_CLASS = YES_ERROR;
				CLANG_WARN_QUOTED_INCLUDE_IN_FRAMEWORK_HEADER = YES;
				CLANG_WARN_RANGE_LOOP_ANALYSIS = YES;
				CLANG_WARN_STRICT_PROTOTYPES = YES;
				CLANG_WARN_SUSPICIOUS_MOVE = YES;
				CLANG_WARN_UNGUARDED_AVAILABILITY = YES_AGGRESSIVE;
				CLANG_WARN_UNREACHABLE_CODE = YES;
				CLANG_WARN__DUPLICATE_METHOD_MATCH = YES;
				COPY_PHASE_STRIP = NO;
				DEBUG_INFORMATION_FORMAT = dwarf;
				ENABLE_STRICT_OBJC_MSGSEND = YES;
				ENABLE_TESTABILITY = YES;
				ENABLE_USER_SCRIPT_SANDBOXING = YES;
				GCC_C_LANGUAGE_STANDARD = gnu17;
				GCC_DYNAMIC_NO_PIC = NO;
				GCC_NO_COMMON_BLOCKS = YES;
				GCC_OPTIMIZATION_LEVEL = 0;
				GCC_PREPROCESSOR_DEFINITIONS = (
					"DEBUG=1",
					"$(inherited)",
				);
				GCC_WARN_64_TO_32_BIT_CONVERSION = YES;
				GCC_WARN_ABOUT_RETURN_TYPE = YES_ERROR;
				GCC_WARN_UNDECLARED_SELECTOR = YES;
				GCC_WARN_UNINITIALIZED_AUTOS = YES_AGGRESSIVE;
				GCC_WARN_UNUSED_FUNCTION = YES;
				GCC_WARN_UNUSED_VARIABLE = YES;
				IPHONEOS_DEPLOYMENT_TARGET = 17.5;
				LOCALIZATION_PREFERS_STRING_CATALOGS = YES;
				MTL_ENABLE_DEBUG_INFO = INCLUDE_SOURCE;
				MTL_FAST_MATH = YES;
				ONLY_ACTIVE_ARCH = YES;
				SDKROOT = iphoneos;
				SWIFT_ACTIVE_COMPILATION_CONDITIONS = "DEBUG $(inherited)";
				SWIFT_OPTIMIZATION_LEVEL = "-Onone";
			};
			name = Debug;
		};
		523346692C52BDF0005A7C45 /* Release */ = {
			isa = XCBuildConfiguration;
			buildSettings = {
				ALWAYS_SEARCH_USER_PATHS = NO;
				ASSETCATALOG_COMPILER_GENERATE_SWIFT_ASSET_SYMBOL_EXTENSIONS = YES;
				CLANG_ANALYZER_NONNULL = YES;
				CLANG_ANALYZER_NUMBER_OBJECT_CONVERSION = YES_AGGRESSIVE;
				CLANG_CXX_LANGUAGE_STANDARD = "gnu++20";
				CLANG_ENABLE_MODULES = YES;
				CLANG_ENABLE_OBJC_ARC = YES;
				CLANG_ENABLE_OBJC_WEAK = YES;
				CLANG_WARN_BLOCK_CAPTURE_AUTORELEASING = YES;
				CLANG_WARN_BOOL_CONVERSION = YES;
				CLANG_WARN_COMMA = YES;
				CLANG_WARN_CONSTANT_CONVERSION = YES;
				CLANG_WARN_DEPRECATED_OBJC_IMPLEMENTATIONS = YES;
				CLANG_WARN_DIRECT_OBJC_ISA_USAGE = YES_ERROR;
				CLANG_WARN_DOCUMENTATION_COMMENTS = YES;
				CLANG_WARN_EMPTY_BODY = YES;
				CLANG_WARN_ENUM_CONVERSION = YES;
				CLANG_WARN_INFINITE_RECURSION = YES;
				CLANG_WARN_INT_CONVERSION = YES;
				CLANG_WARN_NON_LITERAL_NULL_CONVERSION = YES;
				CLANG_WARN_OBJC_IMPLICIT_RETAIN_SELF = YES;
				CLANG_WARN_OBJC_LITERAL_CONVERSION = YES;
				CLANG_WARN_OBJC_ROOT_CLASS = YES_ERROR;
				CLANG_WARN_QUOTED_INCLUDE_IN_FRAMEWORK_HEADER = YES;
				CLANG_WARN_RANGE_LOOP_ANALYSIS = YES;
				CLANG_WARN_STRICT_PROTOTYPES = YES;
				CLANG_WARN_SUSPICIOUS_MOVE = YES;
				CLANG_WARN_UNGUARDED_AVAILABILITY = YES_AGGRESSIVE;
				CLANG_WARN_UNREACHABLE_CODE = YES;
				CLANG_WARN__DUPLICATE_METHOD_MATCH = YES;
				COPY_PHASE_STRIP = NO;
				DEBUG_INFORMATION_FORMAT = "dwarf-with-dsym";
				ENABLE_NS_ASSERTIONS = NO;
				ENABLE_STRICT_OBJC_MSGSEND = YES;
				ENABLE_USER_SCRIPT_SANDBOXING = YES;
				GCC_C_LANGUAGE_STANDARD = gnu17;
				GCC_NO_COMMON_BLOCKS = YES;
				GCC_WARN_64_TO_32_BIT_CONVERSION = YES;
				GCC_WARN_ABOUT_RETURN_TYPE = YES_ERROR;
				GCC_WARN_UNDECLARED_SELECTOR = YES;
				GCC_WARN_UNINITIALIZED_AUTOS = YES_AGGRESSIVE;
				GCC_WARN_UNUSED_FUNCTION = YES;
				GCC_WARN_UNUSED_VARIABLE = YES;
				IPHONEOS_DEPLOYMENT_TARGET = 17.5;
				LOCALIZATION_PREFERS_STRING_CATALOGS = YES;
				MTL_ENABLE_DEBUG_INFO = NO;
				MTL_FAST_MATH = YES;
				SDKROOT = iphoneos;
				SWIFT_COMPILATION_MODE = wholemodule;
				VALIDATE_PRODUCT = YES;
			};
			name = Release;
		};
		5233466B2C52BDF0005A7C45 /* Debug */ = {
			isa = XCBuildConfiguration;
			buildSettings = {
				ASSETCATALOG_COMPILER_APPICON_NAME = AppIcon;
				ASSETCATALOG_COMPILER_GLOBAL_ACCENT_COLOR_NAME = AccentColor;
				CODE_SIGN_STYLE = Automatic;
				CURRENT_PROJECT_VERSION = 1;
				DEVELOPMENT_TEAM = 65TWT5GU2X;
				GENERATE_INFOPLIST_FILE = YES;
				INFOPLIST_FILE = Buscaminas/Info.plist;
				INFOPLIST_KEY_UIApplicationSupportsIndirectInputEvents = YES;
				INFOPLIST_KEY_UILaunchStoryboardName = LaunchScreen;
				INFOPLIST_KEY_UIMainStoryboardFile = Main;
				INFOPLIST_KEY_UISupportedInterfaceOrientations = UIInterfaceOrientationPortrait;
				INFOPLIST_KEY_UISupportedInterfaceOrientations_iPad = "UIInterfaceOrientationLandscapeLeft UIInterfaceOrientationLandscapeRight UIInterfaceOrientationPortrait UIInterfaceOrientationPortraitUpsideDown";
				IPHONEOS_DEPLOYMENT_TARGET = 14.2;
				LD_RUNPATH_SEARCH_PATHS = (
					"$(inherited)",
					"@executable_path/Frameworks",
				);
				MARKETING_VERSION = 1.0;
				PRODUCT_BUNDLE_IDENTIFIER = swift.Buscaminas;
				PRODUCT_NAME = "$(TARGET_NAME)";
				SUPPORTED_PLATFORMS = "iphoneos iphonesimulator";
				SUPPORTS_MACCATALYST = NO;
				SUPPORTS_MAC_DESIGNED_FOR_IPHONE_IPAD = NO;
				SUPPORTS_XR_DESIGNED_FOR_IPHONE_IPAD = NO;
				SWIFT_EMIT_LOC_STRINGS = YES;
				SWIFT_VERSION = 5.0;
				TARGETED_DEVICE_FAMILY = 1;
			};
			name = Debug;
		};
		5233466C2C52BDF0005A7C45 /* Release */ = {
			isa = XCBuildConfiguration;
			buildSettings = {
				ASSETCATALOG_COMPILER_APPICON_NAME = AppIcon;
				ASSETCATALOG_COMPILER_GLOBAL_ACCENT_COLOR_NAME = AccentColor;
				CODE_SIGN_STYLE = Automatic;
				CURRENT_PROJECT_VERSION = 1;
				DEVELOPMENT_TEAM = 65TWT5GU2X;
				GENERATE_INFOPLIST_FILE = YES;
				INFOPLIST_FILE = Buscaminas/Info.plist;
				INFOPLIST_KEY_UIApplicationSupportsIndirectInputEvents = YES;
				INFOPLIST_KEY_UILaunchStoryboardName = LaunchScreen;
				INFOPLIST_KEY_UIMainStoryboardFile = Main;
				INFOPLIST_KEY_UISupportedInterfaceOrientations = UIInterfaceOrientationPortrait;
				INFOPLIST_KEY_UISupportedInterfaceOrientations_iPad = "UIInterfaceOrientationLandscapeLeft UIInterfaceOrientationLandscapeRight UIInterfaceOrientationPortrait UIInterfaceOrientationPortraitUpsideDown";
				IPHONEOS_DEPLOYMENT_TARGET = 14.2;
				LD_RUNPATH_SEARCH_PATHS = (
					"$(inherited)",
					"@executable_path/Frameworks",
				);
				MARKETING_VERSION = 1.0;
				PRODUCT_BUNDLE_IDENTIFIER = swift.Buscaminas;
				PRODUCT_NAME = "$(TARGET_NAME)";
				SUPPORTED_PLATFORMS = "iphoneos iphonesimulator";
				SUPPORTS_MACCATALYST = NO;
				SUPPORTS_MAC_DESIGNED_FOR_IPHONE_IPAD = NO;
				SUPPORTS_XR_DESIGNED_FOR_IPHONE_IPAD = NO;
				SWIFT_EMIT_LOC_STRINGS = YES;
				SWIFT_VERSION = 5.0;
				TARGETED_DEVICE_FAMILY = 1;
			};
			name = Release;
		};
/* End XCBuildConfiguration section */

/* Begin XCConfigurationList section */
		523346512C52BDEE005A7C45 /* Build configuration list for PBXProject "Buscaminas" */ = {
			isa = XCConfigurationList;
			buildConfigurations = (
				523346682C52BDF0005A7C45 /* Debug */,
				523346692C52BDF0005A7C45 /* Release */,
			);
			defaultConfigurationIsVisible = 0;
			defaultConfigurationName = Release;
		};
		5233466A2C52BDF0005A7C45 /* Build configuration list for PBXNativeTarget "Buscaminas" */ = {
			isa = XCConfigurationList;
			buildConfigurations = (
				5233466B2C52BDF0005A7C45 /* Debug */,
				5233466C2C52BDF0005A7C45 /* Release */,
			);
			defaultConfigurationIsVisible = 0;
			defaultConfigurationName = Release;
		};
/* End XCConfigurationList section */
	};
	rootObject = 5233464E2C52BDEE005A7C45 /* Project object */;
}
